
Microsoft Visual Studio Solution File, Format Version 12.00
# Visual Studio Version 17
VisualStudioVersion = 17.0.31903.59
MinimumVisualStudioVersion = 10.0.40219.1
Project("{FAE04EC0-301F-11D3-BF4B-00C04F79EFBC}") = "Console.Client", "Console.Client\Console.Client.csproj", "{2D346E50-2F4B-4444-88A9-694F1F3A296F}"
EndProject
Project("{FAE04EC0-301F-11D3-BF4B-00C04F79EFBC}") = "DTO", "DTO\DTO.csproj", "{E6D5D0D1-63A9-4022-AC11-05201F196A15}"
EndProject
Project("{FAE04EC0-301F-11D3-BF4B-00C04F79EFBC}") = "DTO.Interfaces", "DTO.Interfaces\DTO.Interfaces.csproj", "{6C64E313-1FBB-495C-BE5E-761E53C1AA5D}"
EndProject
Project("{FAE04EC0-301F-11D3-BF4B-00C04F79EFBC}") = "Web.Client", "Web.Client\Web.Client.csproj", "{E910E60E-A638-45E2-B839-8B7FD296E34C}"
EndProject
Project("{FAE04EC0-301F-11D3-BF4B-00C04F79EFBC}") = "Extensions", "Extensions\Extensions.csproj", "{BC875924-313C-4B1F-B635-0D5C398DA476}"
EndProject
Global
	GlobalSection(SolutionConfigurationPlatforms) = preSolution
		Debug|Any CPU = Debug|Any CPU
		Release|Any CPU = Release|Any CPU
	EndGlobalSection
	GlobalSection(SolutionProperties) = preSolution
		HideSolutionNode = FALSE
	EndGlobalSection
	GlobalSection(ProjectConfigurationPlatforms) = postSolution
		{2D346E50-2F4B-4444-88A9-694F1F3A296F}.Debug|Any CPU.ActiveCfg = Debug|Any CPU
		{2D346E50-2F4B-4444-88A9-694F1F3A296F}.Debug|Any CPU.Build.0 = Debug|Any CPU
		{2D346E50-2F4B-4444-88A9-694F1F3A296F}.Release|Any CPU.ActiveCfg = Release|Any CPU
		{2D346E50-2F4B-4444-88A9-694F1F3A296F}.Release|Any CPU.Build.0 = Release|Any CPU
		{E6D5D0D1-63A9-4022-AC11-05201F196A15}.Debug|Any CPU.ActiveCfg = Debug|Any CPU
		{E6D5D0D1-63A9-4022-AC11-05201F196A15}.Debug|Any CPU.Build.0 = Debug|Any CPU
		{E6D5D0D1-63A9-4022-AC11-05201F196A15}.Release|Any CPU.ActiveCfg = Release|Any CPU
		{E6D5D0D1-63A9-4022-AC11-05201F196A15}.Release|Any CPU.Build.0 = Release|Any CPU
		{6C64E313-1FBB-495C-BE5E-761E53C1AA5D}.Debug|Any CPU.ActiveCfg = Debug|Any CPU
		{6C64E313-1FBB-495C-BE5E-761E53C1AA5D}.Debug|Any CPU.Build.0 = Debug|Any CPU
		{6C64E313-1FBB-495C-BE5E-761E53C1AA5D}.Release|Any CPU.ActiveCfg = Release|Any CPU
		{6C64E313-1FBB-495C-BE5E-761E53C1AA5D}.Release|Any CPU.Build.0 = Release|Any CPU
		{E910E60E-A638-45E2-B839-8B7FD296E34C}.Debug|Any CPU.ActiveCfg = Debug|Any CPU
		{E910E60E-A638-45E2-B839-8B7FD296E34C}.Debug|Any CPU.Build.0 = Debug|Any CPU
		{E910E60E-A638-45E2-B839-8B7FD296E34C}.Release|Any CPU.ActiveCfg = Release|Any CPU
		{E910E60E-A638-45E2-B839-8B7FD296E34C}.Release|Any CPU.Build.0 = Release|Any CPU
		{BC875924-313C-4B1F-B635-0D5C398DA476}.Debug|Any CPU.ActiveCfg = Debug|Any CPU
		{BC875924-313C-4B1F-B635-0D5C398DA476}.Debug|Any CPU.Build.0 = Debug|Any CPU
		{BC875924-313C-4B1F-B635-0D5C398DA476}.Release|Any CPU.ActiveCfg = Release|Any CPU
		{BC875924-313C-4B1F-B635-0D5C398DA476}.Release|Any CPU.Build.0 = Release|Any CPU
	EndGlobalSection
EndGlobal
