
Microsoft Visual Studio Solution File, Format Version 12.00
# Visual Studio Version 17
VisualStudioVersion = 17.0.31903.59
MinimumVisualStudioVersion = 10.0.40219.1
Project("{FAE04EC0-301F-11D3-BF4B-00C04F79EFBC}") = "Logging.Console.Client", "Logging.Console.Client\Logging.Console.Client.csproj", "{826FFA0E-84DF-4EA9-9964-5B8A185A1A97}"
EndProject
Project("{FAE04EC0-301F-11D3-BF4B-00C04F79EFBC}") = "Logging.Web.Client", "Logging.Web.Client\Logging.Web.Client.csproj", "{851AC6A2-8E40-4E44-9207-888F9CAE103F}"
EndProject
Global
	GlobalSection(SolutionConfigurationPlatforms) = preSolution
		Debug|Any CPU = Debug|Any CPU
		Release|Any CPU = Release|Any CPU
	EndGlobalSection
	GlobalSection(SolutionProperties) = preSolution
		HideSolutionNode = FALSE
	EndGlobalSection
	GlobalSection(ProjectConfigurationPlatforms) = postSolution
		{826FFA0E-84DF-4EA9-9964-5B8A185A1A97}.Debug|Any CPU.ActiveCfg = Debug|Any CPU
		{826FFA0E-84DF-4EA9-9964-5B8A185A1A97}.Debug|Any CPU.Build.0 = Debug|Any CPU
		{826FFA0E-84DF-4EA9-9964-5B8A185A1A97}.Release|Any CPU.ActiveCfg = Release|Any CPU
		{826FFA0E-84DF-4EA9-9964-5B8A185A1A97}.Release|Any CPU.Build.0 = Release|Any CPU
		{851AC6A2-8E40-4E44-9207-888F9CAE103F}.Debug|Any CPU.ActiveCfg = Debug|Any CPU
		{851AC6A2-8E40-4E44-9207-888F9CAE103F}.Debug|Any CPU.Build.0 = Debug|Any CPU
		{851AC6A2-8E40-4E44-9207-888F9CAE103F}.Release|Any CPU.ActiveCfg = Release|Any CPU
		{851AC6A2-8E40-4E44-9207-888F9CAE103F}.Release|Any CPU.Build.0 = Release|Any CPU
	EndGlobalSection
EndGlobal
